
Microsoft Visual Studio Solution File, Format Version 12.00
# Visual Studio 15
VisualStudioVersion = 15.0.27703.2035
MinimumVisualStudioVersion = 10.0.40219.1
Project("{FAE04EC0-301F-11D3-BF4B-00C04F79EFBC}") = "SchadLucas.DarkScreen", "SchadLucas.DarkScreen\SchadLucas.DarkScreen.csproj", "{3788D6C3-0A15-4B6C-A57F-94C79211398E}"
EndProject
Project("{FAE04EC0-301F-11D3-BF4B-00C04F79EFBC}") = "SchadLucas.ToastNotifications", "SchadLucas.ToastNotifications\SchadLucas.ToastNotifications.csproj", "{84B1A8E3-4392-4902-981C-98C95E4C2BE4}"
EndProject
Global
	GlobalSection(SolutionConfigurationPlatforms) = preSolution
		Debug|Any CPU = Debug|Any CPU
		Release|Any CPU = Release|Any CPU
	EndGlobalSection
	GlobalSection(ProjectConfigurationPlatforms) = postSolution
		{3788D6C3-0A15-4B6C-A57F-94C79211398E}.Debug|Any CPU.ActiveCfg = Debug|Any CPU
		{3788D6C3-0A15-4B6C-A57F-94C79211398E}.Debug|Any CPU.Build.0 = Debug|Any CPU
		{3788D6C3-0A15-4B6C-A57F-94C79211398E}.Release|Any CPU.ActiveCfg = Release|Any CPU
		{3788D6C3-0A15-4B6C-A57F-94C79211398E}.Release|Any CPU.Build.0 = Release|Any CPU
		{84B1A8E3-4392-4902-981C-98C95E4C2BE4}.Debug|Any CPU.ActiveCfg = Debug|Any CPU
		{84B1A8E3-4392-4902-981C-98C95E4C2BE4}.Debug|Any CPU.Build.0 = Debug|Any CPU
		{84B1A8E3-4392-4902-981C-98C95E4C2BE4}.Release|Any CPU.ActiveCfg = Release|Any CPU
		{84B1A8E3-4392-4902-981C-98C95E4C2BE4}.Release|Any CPU.Build.0 = Release|Any CPU
	EndGlobalSection
	GlobalSection(SolutionProperties) = preSolution
		HideSolutionNode = FALSE
	EndGlobalSection
	GlobalSection(ExtensibilityGlobals) = postSolution
		SolutionGuid = {B44B3579-FE2A-4BA7-BF97-4149CCC56F04}
	EndGlobalSection
EndGlobal
